
Microsoft Visual Studio Solution File, Format Version 12.00
# Visual Studio 14
VisualStudioVersion = 14.0.25123.0
MinimumVisualStudioVersion = 10.0.40219.1
Project("{FAE04EC0-301F-11D3-BF4B-00C04F79EFBC}") = "GlobalizedNumericTextBox", "GlobalizedNumericTextBox\GlobalizedNumericTextBox.csproj", "{97496D8B-22F0-45DF-B2B8-025F0073EFBD}"
EndProject
Project("{FAE04EC0-301F-11D3-BF4B-00C04F79EFBC}") = "GlobalizedNumericTextBoxDemo", "GlobalizedNumericTextBoxDemo\GlobalizedNumericTextBoxDemo.csproj", "{02730121-1206-43A3-B7B2-F571BA8B2879}"
EndProject
Global
	GlobalSection(SolutionConfigurationPlatforms) = preSolution
		Debug|Any CPU = Debug|Any CPU
		Release|Any CPU = Release|Any CPU
	EndGlobalSection
	GlobalSection(ProjectConfigurationPlatforms) = postSolution
		{97496D8B-22F0-45DF-B2B8-025F0073EFBD}.Debug|Any CPU.ActiveCfg = Debug|Any CPU
		{97496D8B-22F0-45DF-B2B8-025F0073EFBD}.Debug|Any CPU.Build.0 = Debug|Any CPU
		{97496D8B-22F0-45DF-B2B8-025F0073EFBD}.Release|Any CPU.ActiveCfg = Release|Any CPU
		{97496D8B-22F0-45DF-B2B8-025F0073EFBD}.Release|Any CPU.Build.0 = Release|Any CPU
		{02730121-1206-43A3-B7B2-F571BA8B2879}.Debug|Any CPU.ActiveCfg = Debug|Any CPU
		{02730121-1206-43A3-B7B2-F571BA8B2879}.Debug|Any CPU.Build.0 = Debug|Any CPU
		{02730121-1206-43A3-B7B2-F571BA8B2879}.Release|Any CPU.ActiveCfg = Release|Any CPU
		{02730121-1206-43A3-B7B2-F571BA8B2879}.Release|Any CPU.Build.0 = Release|Any CPU
	EndGlobalSection
	GlobalSection(SolutionProperties) = preSolution
		HideSolutionNode = FALSE
	EndGlobalSection
EndGlobal
